
Microsoft Visual Studio Solution File, Format Version 12.00
# Visual Studio Version 17
VisualStudioVersion = 17.0.31903.59
MinimumVisualStudioVersion = 10.0.40219.1
Project("{2150E333-8FDC-42A3-9474-1A3956D46DE8}") = "src", "src", "{3905FD41-7835-4637-BAF1-29AC1B1D97FA}"
	ProjectSection(SolutionItems) = preProject
		docker-compose.yml = docker-compose.yml
	EndProjectSection
EndProject
Project("{FAE04EC0-301F-11D3-BF4B-00C04F79EFBC}") = "AuctionService", "src\AuctionService\AuctionService.csproj", "{2F5BC584-56F1-4AA7-B901-B1DE5989BC63}"
EndProject
Project("{FAE04EC0-301F-11D3-BF4B-00C04F79EFBC}") = "SearchService", "src\SearchService\SearchService.csproj", "{5A92A99D-57AB-4CB7-B5FD-F99F0CCB4AD6}"
EndProject
Project("{FAE04EC0-301F-11D3-BF4B-00C04F79EFBC}") = "Contracts", "src\Contracts\Contracts.csproj", "{489E6E32-B8DB-4184-809F-821050BF81DB}"
EndProject
Project("{FAE04EC0-301F-11D3-BF4B-00C04F79EFBC}") = "IdentityService", "src\IdentityService\IdentityService.csproj", "{176F231C-F963-47EC-9DA3-7B576A950C81}"
EndProject
Global
	GlobalSection(SolutionConfigurationPlatforms) = preSolution
		Debug|Any CPU = Debug|Any CPU
		Release|Any CPU = Release|Any CPU
	EndGlobalSection
	GlobalSection(ProjectConfigurationPlatforms) = postSolution
		{2F5BC584-56F1-4AA7-B901-B1DE5989BC63}.Debug|Any CPU.ActiveCfg = Debug|Any CPU
		{2F5BC584-56F1-4AA7-B901-B1DE5989BC63}.Debug|Any CPU.Build.0 = Debug|Any CPU
		{2F5BC584-56F1-4AA7-B901-B1DE5989BC63}.Release|Any CPU.ActiveCfg = Release|Any CPU
		{2F5BC584-56F1-4AA7-B901-B1DE5989BC63}.Release|Any CPU.Build.0 = Release|Any CPU
		{5A92A99D-57AB-4CB7-B5FD-F99F0CCB4AD6}.Debug|Any CPU.ActiveCfg = Debug|Any CPU
		{5A92A99D-57AB-4CB7-B5FD-F99F0CCB4AD6}.Debug|Any CPU.Build.0 = Debug|Any CPU
		{5A92A99D-57AB-4CB7-B5FD-F99F0CCB4AD6}.Release|Any CPU.ActiveCfg = Release|Any CPU
		{5A92A99D-57AB-4CB7-B5FD-F99F0CCB4AD6}.Release|Any CPU.Build.0 = Release|Any CPU
		{489E6E32-B8DB-4184-809F-821050BF81DB}.Debug|Any CPU.ActiveCfg = Debug|Any CPU
		{489E6E32-B8DB-4184-809F-821050BF81DB}.Debug|Any CPU.Build.0 = Debug|Any CPU
		{489E6E32-B8DB-4184-809F-821050BF81DB}.Release|Any CPU.ActiveCfg = Release|Any CPU
		{489E6E32-B8DB-4184-809F-821050BF81DB}.Release|Any CPU.Build.0 = Release|Any CPU
		{176F231C-F963-47EC-9DA3-7B576A950C81}.Debug|Any CPU.ActiveCfg = Debug|Any CPU
		{176F231C-F963-47EC-9DA3-7B576A950C81}.Debug|Any CPU.Build.0 = Debug|Any CPU
		{176F231C-F963-47EC-9DA3-7B576A950C81}.Release|Any CPU.ActiveCfg = Release|Any CPU
		{176F231C-F963-47EC-9DA3-7B576A950C81}.Release|Any CPU.Build.0 = Release|Any CPU
	EndGlobalSection
	GlobalSection(SolutionProperties) = preSolution
		HideSolutionNode = FALSE
	EndGlobalSection
	GlobalSection(NestedProjects) = preSolution
		{2F5BC584-56F1-4AA7-B901-B1DE5989BC63} = {3905FD41-7835-4637-BAF1-29AC1B1D97FA}
		{5A92A99D-57AB-4CB7-B5FD-F99F0CCB4AD6} = {3905FD41-7835-4637-BAF1-29AC1B1D97FA}
		{489E6E32-B8DB-4184-809F-821050BF81DB} = {3905FD41-7835-4637-BAF1-29AC1B1D97FA}
		{176F231C-F963-47EC-9DA3-7B576A950C81} = {3905FD41-7835-4637-BAF1-29AC1B1D97FA}
	EndGlobalSection
EndGlobal
